// !$*UTF8*$!
{
	archiveVersion = 1;
	classes = {
	};
	objectVersion = 51;
	objects = {

/* Begin PBXBuildFile section */
		94689F8C2700968A00C3CE4D /* StorageManager.swift in Sources */ = {isa = PBXBuildFile; fileRef = 94689F8B2700968A00C3CE4D /* StorageManager.swift */; };
		94A9FBB626FF799C00E518D6 /* ArticleListService.swift in Sources */ = {isa = PBXBuildFile; fileRef = 94A9FBB526FF799C00E518D6 /* ArticleListService.swift */; };
		94A9FBB926FF7E1500E518D6 /* Article.swift in Sources */ = {isa = PBXBuildFile; fileRef = 94A9FBB826FF7E1500E518D6 /* Article.swift */; };
		94A9FBBC26FF8CED00E518D6 /* ArticleCell.swift in Sources */ = {isa = PBXBuildFile; fileRef = 94A9FBBB26FF8CED00E518D6 /* ArticleCell.swift */; };
		94A9FBBE26FF8DAC00E518D6 /* ArticleViewController.swift in Sources */ = {isa = PBXBuildFile; fileRef = 94A9FBBD26FF8DAB00E518D6 /* ArticleViewController.swift */; };
		94A9FBC127001CE700E518D6 /* ArticleViewModel.swift in Sources */ = {isa = PBXBuildFile; fileRef = 94A9FBC027001CE700E518D6 /* ArticleViewModel.swift */; };
		94CA0DD226FE382100EB74A0 /* AppDelegate.swift in Sources */ = {isa = PBXBuildFile; fileRef = 94CA0DD126FE382100EB74A0 /* AppDelegate.swift */; };
		94CA0DD426FE382100EB74A0 /* SceneDelegate.swift in Sources */ = {isa = PBXBuildFile; fileRef = 94CA0DD326FE382100EB74A0 /* SceneDelegate.swift */; };
		94CA0DDB26FE382200EB74A0 /* Assets.xcassets in Resources */ = {isa = PBXBuildFile; fileRef = 94CA0DDA26FE382200EB74A0 /* Assets.xcassets */; };
		94CA0DDE26FE382200EB74A0 /* LaunchScreen.storyboard in Resources */ = {isa = PBXBuildFile; fileRef = 94CA0DDC26FE382200EB74A0 /* LaunchScreen.storyboard */; };
		95391B306EB5EE6B66C0ED26 /* Pods_NewsApp.framework in Frameworks */ = {isa = PBXBuildFile; fileRef = C9B32D54C857E55771EB4DDE /* Pods_NewsApp.framework */; };
/* End PBXBuildFile section */

/* Begin PBXFileReference section */
		24F7D5AF285D12AC5159DA3E /* Pods-NewsApp.debug.xcconfig */ = {isa = PBXFileReference; includeInIndex = 1; lastKnownFileType = text.xcconfig; name = "Pods-NewsApp.debug.xcconfig"; path = "Target Support Files/Pods-NewsApp/Pods-NewsApp.debug.xcconfig"; sourceTree = "<group>"; };
		94689F8B2700968A00C3CE4D /* StorageManager.swift */ = {isa = PBXFileReference; lastKnownFileType = sourcecode.swift; path = StorageManager.swift; sourceTree = "<group>"; };
		94A9FBB526FF799C00E518D6 /* ArticleListService.swift */ = {isa = PBXFileReference; lastKnownFileType = sourcecode.swift; path = ArticleListService.swift; sourceTree = "<group>"; };
		94A9FBB826FF7E1500E518D6 /* Article.swift */ = {isa = PBXFileReference; lastKnownFileType = sourcecode.swift; path = Article.swift; sourceTree = "<group>"; };
		94A9FBBB26FF8CED00E518D6 /* ArticleCell.swift */ = {isa = PBXFileReference; lastKnownFileType = sourcecode.swift; path = ArticleCell.swift; sourceTree = "<group>"; };
		94A9FBBD26FF8DAB00E518D6 /* ArticleViewController.swift */ = {isa = PBXFileReference; lastKnownFileType = sourcecode.swift; path = ArticleViewController.swift; sourceTree = "<group>"; };
		94A9FBC027001CE700E518D6 /* ArticleViewModel.swift */ = {isa = PBXFileReference; lastKnownFileType = sourcecode.swift; path = ArticleViewModel.swift; sourceTree = "<group>"; };
		94CA0DCE26FE382100EB74A0 /* NewsApp.app */ = {isa = PBXFileReference; explicitFileType = wrapper.application; includeInIndex = 0; path = NewsApp.app; sourceTree = BUILT_PRODUCTS_DIR; };
		94CA0DD126FE382100EB74A0 /* AppDelegate.swift */ = {isa = PBXFileReference; lastKnownFileType = sourcecode.swift; path = AppDelegate.swift; sourceTree = "<group>"; };
		94CA0DD326FE382100EB74A0 /* SceneDelegate.swift */ = {isa = PBXFileReference; lastKnownFileType = sourcecode.swift; path = SceneDelegate.swift; sourceTree = "<group>"; };
		94CA0DDA26FE382200EB74A0 /* Assets.xcassets */ = {isa = PBXFileReference; lastKnownFileType = folder.assetcatalog; path = Assets.xcassets; sourceTree = "<group>"; };
		94CA0DDD26FE382200EB74A0 /* Base */ = {isa = PBXFileReference; lastKnownFileType = file.storyboard; name = Base; path = Base.lproj/LaunchScreen.storyboard; sourceTree = "<group>"; };
		94CA0DDF26FE382200EB74A0 /* Info.plist */ = {isa = PBXFileReference; lastKnownFileType = text.plist.xml; path = Info.plist; sourceTree = "<group>"; };
		C9B32D54C857E55771EB4DDE /* Pods_NewsApp.framework */ = {isa = PBXFileReference; explicitFileType = wrapper.framework; includeInIndex = 0; path = Pods_NewsApp.framework; sourceTree = BUILT_PRODUCTS_DIR; };
		DF0DE8721E1C8E375599565F /* Pods-NewsApp.release.xcconfig */ = {isa = PBXFileReference; includeInIndex = 1; lastKnownFileType = text.xcconfig; name = "Pods-NewsApp.release.xcconfig"; path = "Target Support Files/Pods-NewsApp/Pods-NewsApp.release.xcconfig"; sourceTree = "<group>"; };
/* End PBXFileReference section */

/* Begin PBXFrameworksBuildPhase section */
		94CA0DCB26FE382100EB74A0 /* Frameworks */ = {
			isa = PBXFrameworksBuildPhase;
			buildActionMask = 2147483647;
			files = (
				95391B306EB5EE6B66C0ED26 /* Pods_NewsApp.framework in Frameworks */,
			);
			runOnlyForDeploymentPostprocessing = 0;
		};
/* End PBXFrameworksBuildPhase section */

/* Begin PBXGroup section */
		9415EC4E270027E500AB0A37 /* Controller */ = {
			isa = PBXGroup;
			children = (
				94A9FBBD26FF8DAB00E518D6 /* ArticleViewController.swift */,
			);
			path = Controller;
			sourceTree = "<group>";
		};
		94A9FBB426FF795500E518D6 /* Service */ = {
			isa = PBXGroup;
			children = (
				94A9FBB526FF799C00E518D6 /* ArticleListService.swift */,
				94689F8B2700968A00C3CE4D /* StorageManager.swift */,
			);
			path = Service;
			sourceTree = "<group>";
		};
		94A9FBB726FF7DF900E518D6 /* Model */ = {
			isa = PBXGroup;
			children = (
				94A9FBB826FF7E1500E518D6 /* Article.swift */,
			);
			path = Model;
			sourceTree = "<group>";
		};
		94A9FBBA26FF8CCE00E518D6 /* View */ = {
			isa = PBXGroup;
			children = (
				94A9FBBB26FF8CED00E518D6 /* ArticleCell.swift */,
			);
			path = View;
			sourceTree = "<group>";
		};
		94A9FBBF27001CD600E518D6 /* ViewModel */ = {
			isa = PBXGroup;
			children = (
				94A9FBC027001CE700E518D6 /* ArticleViewModel.swift */,
			);
			path = ViewModel;
			sourceTree = "<group>";
		};
		94CA0DC526FE382100EB74A0 = {
			isa = PBXGroup;
			children = (
				94CA0DD026FE382100EB74A0 /* NewsApp */,
				94CA0DCF26FE382100EB74A0 /* Products */,
				F02B4D7B95397BFA811D0E65 /* Pods */,
				B40AA321F31F7F50AE32A549 /* Frameworks */,
			);
			sourceTree = "<group>";
		};
		94CA0DCF26FE382100EB74A0 /* Products */ = {
			isa = PBXGroup;
			children = (
				94CA0DCE26FE382100EB74A0 /* NewsApp.app */,
			);
			name = Products;
			sourceTree = "<group>";
		};
		94CA0DD026FE382100EB74A0 /* NewsApp */ = {
			isa = PBXGroup;
			children = (
				94CA0DD126FE382100EB74A0 /* AppDelegate.swift */,
				94CA0DD326FE382100EB74A0 /* SceneDelegate.swift */,
				9415EC4E270027E500AB0A37 /* Controller */,
				94A9FBBF27001CD600E518D6 /* ViewModel */,
				94A9FBBA26FF8CCE00E518D6 /* View */,
				94A9FBB726FF7DF900E518D6 /* Model */,
				94A9FBB426FF795500E518D6 /* Service */,
				94CA0DDA26FE382200EB74A0 /* Assets.xcassets */,
				94CA0DDC26FE382200EB74A0 /* LaunchScreen.storyboard */,
				94CA0DDF26FE382200EB74A0 /* Info.plist */,
			);
			path = NewsApp;
			sourceTree = "<group>";
		};
		B40AA321F31F7F50AE32A549 /* Frameworks */ = {
			isa = PBXGroup;
			children = (
				C9B32D54C857E55771EB4DDE /* Pods_NewsApp.framework */,
			);
			name = Frameworks;
			sourceTree = "<group>";
		};
		F02B4D7B95397BFA811D0E65 /* Pods */ = {
			isa = PBXGroup;
			children = (
				24F7D5AF285D12AC5159DA3E /* Pods-NewsApp.debug.xcconfig */,
				DF0DE8721E1C8E375599565F /* Pods-NewsApp.release.xcconfig */,
			);
			path = Pods;
			sourceTree = "<group>";
		};
/* End PBXGroup section */

/* Begin PBXNativeTarget section */
		94CA0DCD26FE382100EB74A0 /* NewsApp */ = {
			isa = PBXNativeTarget;
			buildConfigurationList = 94CA0DE226FE382200EB74A0 /* Build configuration list for PBXNativeTarget "NewsApp" */;
			buildPhases = (
				B5DD1100041976CDFB8D8BCA /* [CP] Check Pods Manifest.lock */,
				94CA0DCA26FE382100EB74A0 /* Sources */,
				94CA0DCB26FE382100EB74A0 /* Frameworks */,
				94CA0DCC26FE382100EB74A0 /* Resources */,
				B4D21B64FA0ED7E17D60E91D /* [CP] Embed Pods Frameworks */,
			);
			buildRules = (
			);
			dependencies = (
			);
			name = NewsApp;
			productName = NewsApp;
			productReference = 94CA0DCE26FE382100EB74A0 /* NewsApp.app */;
			productType = "com.apple.product-type.application";
		};
/* End PBXNativeTarget section */

/* Begin PBXProject section */
		94CA0DC626FE382100EB74A0 /* Project object */ = {
			isa = PBXProject;
			attributes = {
				LastSwiftUpdateCheck = 1250;
				LastUpgradeCheck = 1250;
				TargetAttributes = {
					94CA0DCD26FE382100EB74A0 = {
						CreatedOnToolsVersion = 12.5.1;
					};
				};
			};
			buildConfigurationList = 94CA0DC926FE382100EB74A0 /* Build configuration list for PBXProject "NewsApp" */;
			compatibilityVersion = "Xcode 9.3";
			developmentRegion = en;
			hasScannedForEncodings = 0;
			knownRegions = (
				en,
				Base,
			);
			mainGroup = 94CA0DC526FE382100EB74A0;
			productRefGroup = 94CA0DCF26FE382100EB74A0 /* Products */;
			projectDirPath = "";
			projectRoot = "";
			targets = (
				94CA0DCD26FE382100EB74A0 /* NewsApp */,
			);
		};
/* End PBXProject section */

/* Begin PBXResourcesBuildPhase section */
		94CA0DCC26FE382100EB74A0 /* Resources */ = {
			isa = PBXResourcesBuildPhase;
			buildActionMask = 2147483647;
			files = (
				94CA0DDE26FE382200EB74A0 /* LaunchScreen.storyboard in Resources */,
				94CA0DDB26FE382200EB74A0 /* Assets.xcassets in Resources */,
			);
			runOnlyForDeploymentPostprocessing = 0;
		};
/* End PBXResourcesBuildPhase section */

/* Begin PBXShellScriptBuildPhase section */
		B4D21B64FA0ED7E17D60E91D /* [CP] Embed Pods Frameworks */ = {
			isa = PBXShellScriptBuildPhase;
			buildActionMask = 2147483647;
			files = (
			);
			inputFileListPaths = (
				"${PODS_ROOT}/Target Support Files/Pods-NewsApp/Pods-NewsApp-frameworks-${CONFIGURATION}-input-files.xcfilelist",
			);
			name = "[CP] Embed Pods Frameworks";
			outputFileListPaths = (
				"${PODS_ROOT}/Target Support Files/Pods-NewsApp/Pods-NewsApp-frameworks-${CONFIGURATION}-output-files.xcfilelist",
			);
			runOnlyForDeploymentPostprocessing = 0;
			shellPath = /bin/sh;
			shellScript = "\"${PODS_ROOT}/Target Support Files/Pods-NewsApp/Pods-NewsApp-frameworks.sh\"\n";
			showEnvVarsInLog = 0;
		};
		B5DD1100041976CDFB8D8BCA /* [CP] Check Pods Manifest.lock */ = {
			isa = PBXShellScriptBuildPhase;
			buildActionMask = 2147483647;
			files = (
			);
			inputFileListPaths = (
			);
			inputPaths = (
				"${PODS_PODFILE_DIR_PATH}/Podfile.lock",
				"${PODS_ROOT}/Manifest.lock",
			);
			name = "[CP] Check Pods Manifest.lock";
			outputFileListPaths = (
			);
			outputPaths = (
				"$(DERIVED_FILE_DIR)/Pods-NewsApp-checkManifestLockResult.txt",
			);
			runOnlyForDeploymentPostprocessing = 0;
			shellPath = /bin/sh;
			shellScript = "diff \"${PODS_PODFILE_DIR_PATH}/Podfile.lock\" \"${PODS_ROOT}/Manifest.lock\" > /dev/null\nif [ $? != 0 ] ; then\n    # print error to STDERR\n    echo \"error: The sandbox is not in sync with the Podfile.lock. Run 'pod install' or update your CocoaPods installation.\" >&2\n    exit 1\nfi\n# This output is used by Xcode 'outputs' to avoid re-running this script phase.\necho \"SUCCESS\" > \"${SCRIPT_OUTPUT_FILE_0}\"\n";
			showEnvVarsInLog = 0;
		};
/* End PBXShellScriptBuildPhase section */

/* Begin PBXSourcesBuildPhase section */
		94CA0DCA26FE382100EB74A0 /* Sources */ = {
			isa = PBXSourcesBuildPhase;
			buildActionMask = 2147483647;
			files = (
				94A9FBC127001CE700E518D6 /* ArticleViewModel.swift in Sources */,
				94CA0DD226FE382100EB74A0 /* AppDelegate.swift in Sources */,
				94689F8C2700968A00C3CE4D /* StorageManager.swift in Sources */,
				94A9FBBE26FF8DAC00E518D6 /* ArticleViewController.swift in Sources */,
				94A9FBBC26FF8CED00E518D6 /* ArticleCell.swift in Sources */,
				94A9FBB626FF799C00E518D6 /* ArticleListService.swift in Sources */,
				94CA0DD426FE382100EB74A0 /* SceneDelegate.swift in Sources */,
				94A9FBB926FF7E1500E518D6 /* Article.swift in Sources */,
			);
			runOnlyForDeploymentPostprocessing = 0;
		};
/* End PBXSourcesBuildPhase section */

/* Begin PBXVariantGroup section */
		94CA0DDC26FE382200EB74A0 /* LaunchScreen.storyboard */ = {
			isa = PBXVariantGroup;
			children = (
				94CA0DDD26FE382200EB74A0 /* Base */,
			);
			name = LaunchScreen.storyboard;
			sourceTree = "<group>";
		};
/* End PBXVariantGroup section */

/* Begin XCBuildConfiguration section */
		94CA0DE026FE382200EB74A0 /* Debug */ = {
			isa = XCBuildConfiguration;
			buildSettings = {
				ALWAYS_SEARCH_USER_PATHS = NO;
				CLANG_ANALYZER_NONNULL = YES;
				CLANG_ANALYZER_NUMBER_OBJECT_CONVERSION = YES_AGGRESSIVE;
				CLANG_CXX_LANGUAGE_STANDARD = "gnu++14";
				CLANG_CXX_LIBRARY = "libc++";
				CLANG_ENABLE_MODULES = YES;
				CLANG_ENABLE_OBJC_ARC = YES;
				CLANG_ENABLE_OBJC_WEAK = YES;
				CLANG_WARN_BLOCK_CAPTURE_AUTORELEASING = YES;
				CLANG_WARN_BOOL_CONVERSION = YES;
				CLANG_WARN_COMMA = YES;
				CLANG_WARN_CONSTANT_CONVERSION = YES;
				CLANG_WARN_DEPRECATED_OBJC_IMPLEMENTATIONS = YES;
				CLANG_WARN_DIRECT_OBJC_ISA_USAGE = YES_ERROR;
				CLANG_WARN_DOCUMENTATION_COMMENTS = YES;
				CLANG_WARN_EMPTY_BODY = YES;
				CLANG_WARN_ENUM_CONVERSION = YES;
				CLANG_WARN_INFINITE_RECURSION = YES;
				CLANG_WARN_INT_CONVERSION = YES;
				CLANG_WARN_NON_LITERAL_NULL_CONVERSION = YES;
				CLANG_WARN_OBJC_IMPLICIT_RETAIN_SELF = YES;
				CLANG_WARN_OBJC_LITERAL_CONVERSION = YES;
				CLANG_WARN_OBJC_ROOT_CLASS = YES_ERROR;
				CLANG_WARN_QUOTED_INCLUDE_IN_FRAMEWORK_HEADER = YES;
				CLANG_WARN_RANGE_LOOP_ANALYSIS = YES;
				CLANG_WARN_STRICT_PROTOTYPES = YES;
				CLANG_WARN_SUSPICIOUS_MOVE = YES;
				CLANG_WARN_UNGUARDED_AVAILABILITY = YES_AGGRESSIVE;
				CLANG_WARN_UNREACHABLE_CODE = YES;
				CLANG_WARN__DUPLICATE_METHOD_MATCH = YES;
				COPY_PHASE_STRIP = NO;
				DEBUG_INFORMATION_FORMAT = dwarf;
				ENABLE_STRICT_OBJC_MSGSEND = YES;
				ENABLE_TESTABILITY = YES;
				GCC_C_LANGUAGE_STANDARD = gnu11;
				GCC_DYNAMIC_NO_PIC = NO;
				GCC_NO_COMMON_BLOCKS = YES;
				GCC_OPTIMIZATION_LEVEL = 0;
				GCC_PREPROCESSOR_DEFINITIONS = (
					"DEBUG=1",
					"$(inherited)",
				);
				GCC_WARN_64_TO_32_BIT_CONVERSION = YES;
				GCC_WARN_ABOUT_RETURN_TYPE = YES_ERROR;
				GCC_WARN_UNDECLARED_SELECTOR = YES;
				GCC_WARN_UNINITIALIZED_AUTOS = YES_AGGRESSIVE;
				GCC_WARN_UNUSED_FUNCTION = YES;
				GCC_WARN_UNUSED_VARIABLE = YES;
				IPHONEOS_DEPLOYMENT_TARGET = 13.0;
				MTL_ENABLE_DEBUG_INFO = INCLUDE_SOURCE;
				MTL_FAST_MATH = YES;
				ONLY_ACTIVE_ARCH = YES;
				SDKROOT = iphoneos;
				SWIFT_ACTIVE_COMPILATION_CONDITIONS = DEBUG;
				SWIFT_OPTIMIZATION_LEVEL = "-Onone";
			};
			name = Debug;
		};
		94CA0DE126FE382200EB74A0 /* Release */ = {
			isa = XCBuildConfiguration;
			buildSettings = {
				ALWAYS_SEARCH_USER_PATHS = NO;
				CLANG_ANALYZER_NONNULL = YES;
				CLANG_ANALYZER_NUMBER_OBJECT_CONVERSION = YES_AGGRESSIVE;
				CLANG_CXX_LANGUAGE_STANDARD = "gnu++14";
				CLANG_CXX_LIBRARY = "libc++";
				CLANG_ENABLE_MODULES = YES;
				CLANG_ENABLE_OBJC_ARC = YES;
				CLANG_ENABLE_OBJC_WEAK = YES;
				CLANG_WARN_BLOCK_CAPTURE_AUTORELEASING = YES;
				CLANG_WARN_BOOL_CONVERSION = YES;
				CLANG_WARN_COMMA = YES;
				CLANG_WARN_CONSTANT_CONVERSION = YES;
				CLANG_WARN_DEPRECATED_OBJC_IMPLEMENTATIONS = YES;
				CLANG_WARN_DIRECT_OBJC_ISA_USAGE = YES_ERROR;
				CLANG_WARN_DOCUMENTATION_COMMENTS = YES;
				CLANG_WARN_EMPTY_BODY = YES;
				CLANG_WARN_ENUM_CONVERSION = YES;
				CLANG_WARN_INFINITE_RECURSION = YES;
				CLANG_WARN_INT_CONVERSION = YES;
				CLANG_WARN_NON_LITERAL_NULL_CONVERSION = YES;
				CLANG_WARN_OBJC_IMPLICIT_RETAIN_SELF = YES;
				CLANG_WARN_OBJC_LITERAL_CONVERSION = YES;
				CLANG_WARN_OBJC_ROOT_CLASS = YES_ERROR;
				CLANG_WARN_QUOTED_INCLUDE_IN_FRAMEWORK_HEADER = YES;
				CLANG_WARN_RANGE_LOOP_ANALYSIS = YES;
				CLANG_WARN_STRICT_PROTOTYPES = YES;
				CLANG_WARN_SUSPICIOUS_MOVE = YES;
				CLANG_WARN_UNGUARDED_AVAILABILITY = YES_AGGRESSIVE;
				CLANG_WARN_UNREACHABLE_CODE = YES;
				CLANG_WARN__DUPLICATE_METHOD_MATCH = YES;
				COPY_PHASE_STRIP = NO;
				DEBUG_INFORMATION_FORMAT = "dwarf-with-dsym";
				ENABLE_NS_ASSERTIONS = NO;
				ENABLE_STRICT_OBJC_MSGSEND = YES;
				GCC_C_LANGUAGE_STANDARD = gnu11;
				GCC_NO_COMMON_BLOCKS = YES;
				GCC_WARN_64_TO_32_BIT_CONVERSION = YES;
				GCC_WARN_ABOUT_RETURN_TYPE = YES_ERROR;
				GCC_WARN_UNDECLARED_SELECTOR = YES;
				GCC_WARN_UNINITIALIZED_AUTOS = YES_AGGRESSIVE;
				GCC_WARN_UNUSED_FUNCTION = YES;
				GCC_WARN_UNUSED_VARIABLE = YES;
				IPHONEOS_DEPLOYMENT_TARGET = 13.0;
				MTL_ENABLE_DEBUG_INFO = NO;
				MTL_FAST_MATH = YES;
				SDKROOT = iphoneos;
				SWIFT_COMPILATION_MODE = wholemodule;
				SWIFT_OPTIMIZATION_LEVEL = "-O";
				VALIDATE_PRODUCT = YES;
			};
			name = Release;
		};
		94CA0DE326FE382200EB74A0 /* Debug */ = {
			isa = XCBuildConfiguration;
			baseConfigurationReference = 24F7D5AF285D12AC5159DA3E /* Pods-NewsApp.debug.xcconfig */;
			buildSettings = {
				ASSETCATALOG_COMPILER_APPICON_NAME = AppIcon;
				ASSETCATALOG_COMPILER_GLOBAL_ACCENT_COLOR_NAME = AccentColor;
				CODE_SIGN_STYLE = Automatic;
				DEVELOPMENT_TEAM = Q8K3DDFT5E;
				INFOPLIST_FILE = NewsApp/Info.plist;
				LD_RUNPATH_SEARCH_PATHS = (
					"$(inherited)",
					"@executable_path/Frameworks",
				);
				PRODUCT_BUNDLE_IDENTIFIER = mac.yitang.NewsApp;
				PRODUCT_NAME = "$(TARGET_NAME)";
				SWIFT_VERSION = 5.0;
				TARGETED_DEVICE_FAMILY = "1,2";
			};
			name = Debug;
		};
		94CA0DE426FE382200EB74A0 /* Release */ = {
			isa = XCBuildConfiguration;
			baseConfigurationReference = DF0DE8721E1C8E375599565F /* Pods-NewsApp.release.xcconfig */;
			buildSettings = {
				ASSETCATALOG_COMPILER_APPICON_NAME = AppIcon;
				ASSETCATALOG_COMPILER_GLOBAL_ACCENT_COLOR_NAME = AccentColor;
				CODE_SIGN_STYLE = Automatic;
				DEVELOPMENT_TEAM = Q8K3DDFT5E;
				INFOPLIST_FILE = NewsApp/Info.plist;
				LD_RUNPATH_SEARCH_PATHS = (
					"$(inherited)",
					"@executable_path/Frameworks",
				);
				PRODUCT_BUNDLE_IDENTIFIER = mac.yitang.NewsApp;
				PRODUCT_NAME = "$(TARGET_NAME)";
				SWIFT_VERSION = 5.0;
				TARGETED_DEVICE_FAMILY = "1,2";
			};
			name = Release;
		};
/* End XCBuildConfiguration section */

/* Begin XCConfigurationList section */
		94CA0DC926FE382100EB74A0 /* Build configuration list for PBXProject "NewsApp" */ = {
			isa = XCConfigurationList;
			buildConfigurations = (
				94CA0DE026FE382200EB74A0 /* Debug */,
				94CA0DE126FE382200EB74A0 /* Release */,
			);
			defaultConfigurationIsVisible = 0;
			defaultConfigurationName = Release;
		};
		94CA0DE226FE382200EB74A0 /* Build configuration list for PBXNativeTarget "NewsApp" */ = {
			isa = XCConfigurationList;
			buildConfigurations = (
				94CA0DE326FE382200EB74A0 /* Debug */,
				94CA0DE426FE382200EB74A0 /* Release */,
			);
			defaultConfigurationIsVisible = 0;
			defaultConfigurationName = Release;
		};
/* End XCConfigurationList section */
	};
	rootObject = 94CA0DC626FE382100EB74A0 /* Project object */;
}
